
Microsoft Visual Studio Solution File, Format Version 12.00
# Visual Studio Version 16
VisualStudioVersion = 16.0.31205.134
MinimumVisualStudioVersion = 10.0.40219.1
Project("{FAE04EC0-301F-11D3-BF4B-00C04F79EFBC}") = "Poddi_SocketClient", "Poddi_SocketClient\Poddi_SocketClient.csproj", "{31171014-B5BD-4BAD-8D9F-D46E07711203}"
EndProject
Global
	GlobalSection(SolutionConfigurationPlatforms) = preSolution
		Debug|Any CPU = Debug|Any CPU
		Release|Any CPU = Release|Any CPU
	EndGlobalSection
	GlobalSection(ProjectConfigurationPlatforms) = postSolution
		{31171014-B5BD-4BAD-8D9F-D46E07711203}.Debug|Any CPU.ActiveCfg = Debug|Any CPU
		{31171014-B5BD-4BAD-8D9F-D46E07711203}.Debug|Any CPU.Build.0 = Debug|Any CPU
		{31171014-B5BD-4BAD-8D9F-D46E07711203}.Release|Any CPU.ActiveCfg = Release|Any CPU
		{31171014-B5BD-4BAD-8D9F-D46E07711203}.Release|Any CPU.Build.0 = Release|Any CPU
	EndGlobalSection
	GlobalSection(SolutionProperties) = preSolution
		HideSolutionNode = FALSE
	EndGlobalSection
	GlobalSection(ExtensibilityGlobals) = postSolution
		SolutionGuid = {35975418-34A2-4B92-BDF2-530E8A4B0AA9}
	EndGlobalSection
EndGlobal
